// !$*UTF8*$!
{
	archiveVersion = 1;
	classes = {
	};
	objectVersion = 46;
	objects = {

/* Begin PBXBuildFile section */
		61AA12B11A105ABA0041AB7E /* Foundation.framework in Frameworks */ = {isa = PBXBuildFile; fileRef = 61AA12B01A105ABA0041AB7E /* Foundation.framework */; };
		61AA12B31A105ABA0041AB7E /* CoreGraphics.framework in Frameworks */ = {isa = PBXBuildFile; fileRef = 61AA12B21A105ABA0041AB7E /* CoreGraphics.framework */; };
		61AA12B51A105ABB0041AB7E /* UIKit.framework in Frameworks */ = {isa = PBXBuildFile; fileRef = 61AA12B41A105ABB0041AB7E /* UIKit.framework */; };
		61AA12BB1A105ABB0041AB7E /* InfoPlist.strings in Resources */ = {isa = PBXBuildFile; fileRef = 61AA12B91A105ABB0041AB7E /* InfoPlist.strings */; };
		61AA12BD1A105ABB0041AB7E /* main.m in Sources */ = {isa = PBXBuildFile; fileRef = 61AA12BC1A105ABB0041AB7E /* main.m */; };
		61AA12C11A105ABB0041AB7E /* gntvAppDelegate.m in Sources */ = {isa = PBXBuildFile; fileRef = 61AA12C01A105ABB0041AB7E /* gntvAppDelegate.m */; };
		61AA12C91A105ABB0041AB7E /* Images.xcassets in Resources */ = {isa = PBXBuildFile; fileRef = 61AA12C81A105ABB0041AB7E /* Images.xcassets */; };
		61AA12D01A105ABC0041AB7E /* XCTest.framework in Frameworks */ = {isa = PBXBuildFile; fileRef = 61AA12CF1A105ABC0041AB7E /* XCTest.framework */; };
		61AA12D11A105ABC0041AB7E /* Foundation.framework in Frameworks */ = {isa = PBXBuildFile; fileRef = 61AA12B01A105ABA0041AB7E /* Foundation.framework */; };
		61AA12D21A105ABC0041AB7E /* UIKit.framework in Frameworks */ = {isa = PBXBuildFile; fileRef = 61AA12B41A105ABB0041AB7E /* UIKit.framework */; };
		61AA12DA1A105ABC0041AB7E /* InfoPlist.strings in Resources */ = {isa = PBXBuildFile; fileRef = 61AA12D81A105ABC0041AB7E /* InfoPlist.strings */; };
		61AA12DC1A105ABC0041AB7E /* RemoteIMETests.m in Sources */ = {isa = PBXBuildFile; fileRef = 61AA12DB1A105ABC0041AB7E /* RemoteIMETests.m */; };
		61AA13191A105F330041AB7E /* device_finding.png in Resources */ = {isa = PBXBuildFile; fileRef = 61AA12E61A105F330041AB7E /* device_finding.png */; };
		61AA131A1A105F330041AB7E /* device_list.png in Resources */ = {isa = PBXBuildFile; fileRef = 61AA12E71A105F330041AB7E /* device_list.png */; };
		61AA131B1A105F330041AB7E /* find_device.png in Resources */ = {isa = PBXBuildFile; fileRef = 61AA12E81A105F330041AB7E /* find_device.png */; };
		61AA131C1A105F330041AB7E /* home_btn_bg.png in Resources */ = {isa = PBXBuildFile; fileRef = 61AA12E91A105F330041AB7E /* home_btn_bg.png */; };
		61AA131D1A105F340041AB7E /* ic_launcher.png in Resources */ = {isa = PBXBuildFile; fileRef = 61AA12EA1A105F330041AB7E /* ic_launcher.png */; };
		61AA131E1A105F340041AB7E /* icon_devices.png in Resources */ = {isa = PBXBuildFile; fileRef = 61AA12EB1A105F330041AB7E /* icon_devices.png */; };
		61AA131F1A105F340041AB7E /* icon_devices_select.png in Resources */ = {isa = PBXBuildFile; fileRef = 61AA12EC1A105F330041AB7E /* icon_devices_select.png */; };
		61AA13201A105F340041AB7E /* icon_help.png in Resources */ = {isa = PBXBuildFile; fileRef = 61AA12ED1A105F330041AB7E /* icon_help.png */; };
		61AA13211A105F340041AB7E /* icon_help_select.png in Resources */ = {isa = PBXBuildFile; fileRef = 61AA12EE1A105F330041AB7E /* icon_help_select.png */; };
		61AA13221A105F340041AB7E /* icon_remote.png in Resources */ = {isa = PBXBuildFile; fileRef = 61AA12EF1A105F330041AB7E /* icon_remote.png */; };
		61AA13231A105F340041AB7E /* icon_remote_select.png in Resources */ = {isa = PBXBuildFile; fileRef = 61AA12F01A105F330041AB7E /* icon_remote_select.png */; };
		61AA13241A105F340041AB7E /* icon_voice.png in Resources */ = {isa = PBXBuildFile; fileRef = 61AA12F11A105F330041AB7E /* icon_voice.png */; };
		61AA13251A105F340041AB7E /* icon_voice_search.png in Resources */ = {isa = PBXBuildFile; fileRef = 61AA12F21A105F330041AB7E /* icon_voice_search.png */; };
		61AA13261A105F340041AB7E /* icon_voice_search_select.png in Resources */ = {isa = PBXBuildFile; fileRef = 61AA12F31A105F330041AB7E /* icon_voice_search_select.png */; };
		61AA13271A105F340041AB7E /* icon_voice_select.png in Resources */ = {isa = PBXBuildFile; fileRef = 61AA12F41A105F330041AB7E /* icon_voice_select.png */; };
		61AA13281A105F340041AB7E /* kanke_control_bg.jpg in Resources */ = {isa = PBXBuildFile; fileRef = 61AA12F51A105F330041AB7E /* kanke_control_bg.jpg */; };
		61AA13291A105F340041AB7E /* local_player1.png in Resources */ = {isa = PBXBuildFile; fileRef = 61AA12F61A105F330041AB7E /* local_player1.png */; };
		61AA132A1A105F340041AB7E /* local_player2.png in Resources */ = {isa = PBXBuildFile; fileRef = 61AA12F71A105F330041AB7E /* local_player2.png */; };
		61AA132B1A105F340041AB7E /* maintab_toolbar_bg.png in Resources */ = {isa = PBXBuildFile; fileRef = 61AA12F81A105F330041AB7E /* maintab_toolbar_bg.png */; };
		61AA132C1A105F340041AB7E /* moviepic_bg.gif in Resources */ = {isa = PBXBuildFile; fileRef = 61AA12F91A105F330041AB7E /* moviepic_bg.gif */; };
		61AA132D1A105F340041AB7E /* net_video_bg.jpg in Resources */ = {isa = PBXBuildFile; fileRef = 61AA12FA1A105F330041AB7E /* net_video_bg.jpg */; };
		61AA132E1A105F340041AB7E /* remote_back_selected.png in Resources */ = {isa = PBXBuildFile; fileRef = 61AA12FB1A105F330041AB7E /* remote_back_selected.png */; };
		61AA132F1A105F340041AB7E /* remote_back_unselected.png in Resources */ = {isa = PBXBuildFile; fileRef = 61AA12FC1A105F330041AB7E /* remote_back_unselected.png */; };
		61AA13301A105F340041AB7E /* remote_down_selected.png in Resources */ = {isa = PBXBuildFile; fileRef = 61AA12FD1A105F330041AB7E /* remote_down_selected.png */; };
		61AA13311A105F340041AB7E /* remote_down_unselected.png in Resources */ = {isa = PBXBuildFile; fileRef = 61AA12FE1A105F330041AB7E /* remote_down_unselected.png */; };
		61AA13321A105F340041AB7E /* remote_home_selected.png in Resources */ = {isa = PBXBuildFile; fileRef = 61AA12FF1A105F330041AB7E /* remote_home_selected.png */; };
		61AA13331A105F340041AB7E /* remote_home_unselected.png in Resources */ = {isa = PBXBuildFile; fileRef = 61AA13001A105F330041AB7E /* remote_home_unselected.png */; };
		61AA13341A105F340041AB7E /* remote_left_selected.png in Resources */ = {isa = PBXBuildFile; fileRef = 61AA13011A105F330041AB7E /* remote_left_selected.png */; };
		61AA13351A105F340041AB7E /* remote_left_unselected.png in Resources */ = {isa = PBXBuildFile; fileRef = 61AA13021A105F330041AB7E /* remote_left_unselected.png */; };
		61AA13361A105F340041AB7E /* remote_menu_selected.png in Resources */ = {isa = PBXBuildFile; fileRef = 61AA13031A105F330041AB7E /* remote_menu_selected.png */; };
		61AA13371A105F340041AB7E /* remote_menu_unselected.png in Resources */ = {isa = PBXBuildFile; fileRef = 61AA13041A105F330041AB7E /* remote_menu_unselected.png */; };
		61AA13381A105F340041AB7E /* remote_mute_selected.png in Resources */ = {isa = PBXBuildFile; fileRef = 61AA13051A105F330041AB7E /* remote_mute_selected.png */; };
		61AA13391A105F340041AB7E /* remote_mute_unselected.png in Resources */ = {isa = PBXBuildFile; fileRef = 61AA13061A105F330041AB7E /* remote_mute_unselected.png */; };
		61AA133A1A105F340041AB7E /* remote_ok_selected.png in Resources */ = {isa = PBXBuildFile; fileRef = 61AA13071A105F330041AB7E /* remote_ok_selected.png */; };
		61AA133B1A105F340041AB7E /* remote_ok_unselected.png in Resources */ = {isa = PBXBuildFile; fileRef = 61AA13081A105F330041AB7E /* remote_ok_unselected.png */; };
		61AA133C1A105F340041AB7E /* remote_right_selected.png in Resources */ = {isa = PBXBuildFile; fileRef = 61AA13091A105F330041AB7E /* remote_right_selected.png */; };
		61AA133D1A105F340041AB7E /* remote_right_unselected.png in Resources */ = {isa = PBXBuildFile; fileRef = 61AA130A1A105F330041AB7E /* remote_right_unselected.png */; };
		61AA133E1A105F340041AB7E /* remote_up_selected.png in Resources */ = {isa = PBXBuildFile; fileRef = 61AA130B1A105F330041AB7E /* remote_up_selected.png */; };
		61AA133F1A105F340041AB7E /* remote_up_unselected.png in Resources */ = {isa = PBXBuildFile; fileRef = 61AA130C1A105F330041AB7E /* remote_up_unselected.png */; };
		61AA13401A105F340041AB7E /* remote_volume_down_selected.png in Resources */ = {isa = PBXBuildFile; fileRef = 61AA130D1A105F330041AB7E /* remote_volume_down_selected.png */; };
		61AA13411A105F340041AB7E /* remote_volume_down_unselected.png in Resources */ = {isa = PBXBuildFile; fileRef = 61AA130E1A105F330041AB7E /* remote_volume_down_unselected.png */; };
		61AA13421A105F340041AB7E /* remote_volume_up_selected.png in Resources */ = {isa = PBXBuildFile; fileRef = 61AA130F1A105F330041AB7E /* remote_volume_up_selected.png */; };
		61AA13431A105F340041AB7E /* remote_volume_up_unselected.png in Resources */ = {isa = PBXBuildFile; fileRef = 61AA13101A105F330041AB7E /* remote_volume_up_unselected.png */; };
		61AA13441A105F340041AB7E /* search_bg.jpg in Resources */ = {isa = PBXBuildFile; fileRef = 61AA13111A105F330041AB7E /* search_bg.jpg */; };
		61AA13451A105F340041AB7E /* setting_list_arrow.png in Resources */ = {isa = PBXBuildFile; fileRef = 61AA13121A105F330041AB7E /* setting_list_arrow.png */; };
		61AA13461A105F340041AB7E /* setting_list_divider.png in Resources */ = {isa = PBXBuildFile; fileRef = 61AA13131A105F330041AB7E /* setting_list_divider.png */; };
		61AA13471A105F340041AB7E /* voice_search_download.png in Resources */ = {isa = PBXBuildFile; fileRef = 61AA13141A105F330041AB7E /* voice_search_download.png */; };
		61AA13481A105F340041AB7E /* voice_search_download_press.png in Resources */ = {isa = PBXBuildFile; fileRef = 61AA13151A105F330041AB7E /* voice_search_download_press.png */; };
		61AA13491A105F340041AB7E /* voice_search_microphone.png in Resources */ = {isa = PBXBuildFile; fileRef = 61AA13161A105F330041AB7E /* voice_search_microphone.png */; };
		61AA134A1A105F340041AB7E /* voice_search_no_microphone.png in Resources */ = {isa = PBXBuildFile; fileRef = 61AA13171A105F330041AB7E /* voice_search_no_microphone.png */; };
		61AA134B1A105F340041AB7E /* voice_search_top_bar.png in Resources */ = {isa = PBXBuildFile; fileRef = 61AA13181A105F330041AB7E /* voice_search_top_bar.png */; };
		61AA134E1A10841B0041AB7E /* AsyncSocket.m in Sources */ = {isa = PBXBuildFile; fileRef = 61AA134D1A10841B0041AB7E /* AsyncSocket.m */; };
		61AA13511A1084890041AB7E /* AsyncUdpSocket.m in Sources */ = {isa = PBXBuildFile; fileRef = 61AA13501A1084890041AB7E /* AsyncUdpSocket.m */; };
		61AA13531A1089A30041AB7E /* CFNetwork.framework in Frameworks */ = {isa = PBXBuildFile; fileRef = 61AA13521A1089A20041AB7E /* CFNetwork.framework */; };
		61AA13551A10B2480041AB7E /* SystemConfiguration.framework in Frameworks */ = {isa = PBXBuildFile; fileRef = 61AA13541A10B2470041AB7E /* SystemConfiguration.framework */; };
		61AA13581A10B54F0041AB7E /* Reachability.m in Sources */ = {isa = PBXBuildFile; fileRef = 61AA13571A10B54F0041AB7E /* Reachability.m */; };
		61F1A3641A11E62F00E52530 /* IMEViewController.m in Sources */ = {isa = PBXBuildFile; fileRef = 61F1A3631A11E62F00E52530 /* IMEViewController.m */; };
		61F1A3671A1210A300E52530 /* IMETabBarController.m in Sources */ = {isa = PBXBuildFile; fileRef = 61F1A3661A1210A300E52530 /* IMETabBarController.m */; };
		61F454801A1F91A5001C7914 /* iflyMSC.framework in Frameworks */ = {isa = PBXBuildFile; fileRef = 61F4547F1A1F91A4001C7914 /* iflyMSC.framework */; };
		61F454821A1F9623001C7914 /* AVFoundation.framework in Frameworks */ = {isa = PBXBuildFile; fileRef = 61F454811A1F9623001C7914 /* AVFoundation.framework */; };
		61F454841A1F96A1001C7914 /* AudioToolbox.framework in Frameworks */ = {isa = PBXBuildFile; fileRef = 61F454831A1F96A1001C7914 /* AudioToolbox.framework */; };
		61F454861A1F96D6001C7914 /* CoreLocation.framework in Frameworks */ = {isa = PBXBuildFile; fileRef = 61F454851A1F96D6001C7914 /* CoreLocation.framework */; };
		61F454881A1F96E1001C7914 /* CoreTelephony.framework in Frameworks */ = {isa = PBXBuildFile; fileRef = 61F454871A1F96E1001C7914 /* CoreTelephony.framework */; };
		61F4548A1A1F9703001C7914 /* libz.dylib in Frameworks */ = {isa = PBXBuildFile; fileRef = 61F454891A1F9703001C7914 /* libz.dylib */; };
		61F4548C1A1F9713001C7914 /* AddressBook.framework in Frameworks */ = {isa = PBXBuildFile; fileRef = 61F4548B1A1F9713001C7914 /* AddressBook.framework */; };
		61F4548E1A1F973F001C7914 /* QuartzCore.framework in Frameworks */ = {isa = PBXBuildFile; fileRef = 61F4548D1A1F973F001C7914 /* QuartzCore.framework */; };
		61FF76221A13422D0033845A /* gntvTabBarController.m in Sources */ = {isa = PBXBuildFile; fileRef = 61FF76211A13422D0033845A /* gntvTabBarController.m */; };
		671F63341A49573B00536586 /* Main.storyboard in Resources */ = {isa = PBXBuildFile; fileRef = 671F63321A49573B00536586 /* Main.storyboard */; };
		672E1C241A6D228D00DAF709 /* guide_01.png in Resources */ = {isa = PBXBuildFile; fileRef = 672E1C1D1A6D228D00DAF709 /* guide_01.png */; };
		672E1C251A6D228D00DAF709 /* guide_02.png in Resources */ = {isa = PBXBuildFile; fileRef = 672E1C1E1A6D228D00DAF709 /* guide_02.png */; };
		672E1C261A6D228D00DAF709 /* guide_03.png in Resources */ = {isa = PBXBuildFile; fileRef = 672E1C1F1A6D228D00DAF709 /* guide_03.png */; };
		672E1C271A6D228D00DAF709 /* voice_search_microphone_0.png in Resources */ = {isa = PBXBuildFile; fileRef = 672E1C201A6D228D00DAF709 /* voice_search_microphone_0.png */; };
		672E1C281A6D228D00DAF709 /* voice_search_microphone_1.png in Resources */ = {isa = PBXBuildFile; fileRef = 672E1C211A6D228D00DAF709 /* voice_search_microphone_1.png */; };
		672E1C291A6D228D00DAF709 /* voice_search_microphone_2.png in Resources */ = {isa = PBXBuildFile; fileRef = 672E1C221A6D228D00DAF709 /* voice_search_microphone_2.png */; };
		672E1C2A1A6D228D00DAF709 /* voice_search_microphone_3.png in Resources */ = {isa = PBXBuildFile; fileRef = 672E1C231A6D228D00DAF709 /* voice_search_microphone_3.png */; };
		672E1C2C1A6D24CE00DAF709 /* unsolidline.png in Resources */ = {isa = PBXBuildFile; fileRef = 672E1C2B1A6D24CE00DAF709 /* unsolidline.png */; };
		672F5C731A5C163B00F64E92 /* SplashViewController.m in Sources */ = {isa = PBXBuildFile; fileRef = 672F5C711A5C163B00F64E92 /* SplashViewController.m */; };
		67414BE41A6398D400B4DEE0 /* NSObject+SBJson.m in Sources */ = {isa = PBXBuildFile; fileRef = 67414BCC1A6398D400B4DEE0 /* NSObject+SBJson.m */; };
		67414BE51A6398D400B4DEE0 /* SBJsonParser.m in Sources */ = {isa = PBXBuildFile; fileRef = 67414BCF1A6398D400B4DEE0 /* SBJsonParser.m */; };
		67414BE61A6398D400B4DEE0 /* SBJsonStreamParser.m in Sources */ = {isa = PBXBuildFile; fileRef = 67414BD11A6398D400B4DEE0 /* SBJsonStreamParser.m */; };
		67414BE71A6398D400B4DEE0 /* SBJsonStreamParserAccumulator.m in Sources */ = {isa = PBXBuildFile; fileRef = 67414BD31A6398D400B4DEE0 /* SBJsonStreamParserAccumulator.m */; };
		67414BE81A6398D400B4DEE0 /* SBJsonStreamParserAdapter.m in Sources */ = {isa = PBXBuildFile; fileRef = 67414BD51A6398D400B4DEE0 /* SBJsonStreamParserAdapter.m */; };
		67414BE91A6398D400B4DEE0 /* SBJsonStreamParserState.m in Sources */ = {isa = PBXBuildFile; fileRef = 67414BD71A6398D400B4DEE0 /* SBJsonStreamParserState.m */; };
		67414BEA1A6398D400B4DEE0 /* SBJsonStreamWriter.m in Sources */ = {isa = PBXBuildFile; fileRef = 67414BD91A6398D400B4DEE0 /* SBJsonStreamWriter.m */; };
		67414BEB1A6398D400B4DEE0 /* SBJsonStreamWriterAccumulator.m in Sources */ = {isa = PBXBuildFile; fileRef = 67414BDB1A6398D400B4DEE0 /* SBJsonStreamWriterAccumulator.m */; };
		67414BEC1A6398D400B4DEE0 /* SBJsonStreamWriterState.m in Sources */ = {isa = PBXBuildFile; fileRef = 67414BDD1A6398D400B4DEE0 /* SBJsonStreamWriterState.m */; };
		67414BED1A6398D400B4DEE0 /* SBJsonTokeniser.m in Sources */ = {isa = PBXBuildFile; fileRef = 67414BDF1A6398D400B4DEE0 /* SBJsonTokeniser.m */; };
		67414BEE1A6398D400B4DEE0 /* SBJsonUTF8Stream.m in Sources */ = {isa = PBXBuildFile; fileRef = 67414BE11A6398D400B4DEE0 /* SBJsonUTF8Stream.m */; };
		67414BEF1A6398D400B4DEE0 /* SBJsonWriter.m in Sources */ = {isa = PBXBuildFile; fileRef = 67414BE31A6398D400B4DEE0 /* SBJsonWriter.m */; };
		67414BF71A63B6C200B4DEE0 /* about_icon.png in Resources */ = {isa = PBXBuildFile; fileRef = 67414BF41A63B6C200B4DEE0 /* about_icon.png */; };
		67414BF81A63B6C200B4DEE0 /* about_icon180.png in Resources */ = {isa = PBXBuildFile; fileRef = 67414BF51A63B6C200B4DEE0 /* about_icon180.png */; };
		67414BF91A63B6C200B4DEE0 /* about_icon120.png in Resources */ = {isa = PBXBuildFile; fileRef = 67414BF61A63B6C200B4DEE0 /* about_icon120.png */; };
		676418291A5EC34400AB91A3 /* settingViewController.m in Sources */ = {isa = PBXBuildFile; fileRef = 676418281A5EC34400AB91A3 /* settingViewController.m */; };
		67800FA81A5FD36D0063989E /* gntvViewController.m in Sources */ = {isa = PBXBuildFile; fileRef = 67800FA71A5FD36D0063989E /* gntvViewController.m */; };
		67E20BE61A43F73100F3C35D /* key_0.png in Resources */ = {isa = PBXBuildFile; fileRef = 67E20BDA1A43F73000F3C35D /* key_0.png */; };
		67E20BE71A43F73100F3C35D /* key_1.png in Resources */ = {isa = PBXBuildFile; fileRef = 67E20BDB1A43F73000F3C35D /* key_1.png */; };
		67E20BE81A43F73100F3C35D /* key_2.png in Resources */ = {isa = PBXBuildFile; fileRef = 67E20BDC1A43F73000F3C35D /* key_2.png */; };
		67E20BE91A43F73100F3C35D /* key_3.png in Resources */ = {isa = PBXBuildFile; fileRef = 67E20BDD1A43F73100F3C35D /* key_3.png */; };
		67E20BEA1A43F73100F3C35D /* key_4.png in Resources */ = {isa = PBXBuildFile; fileRef = 67E20BDE1A43F73100F3C35D /* key_4.png */; };
		67E20BEB1A43F73100F3C35D /* key_5.png in Resources */ = {isa = PBXBuildFile; fileRef = 67E20BDF1A43F73100F3C35D /* key_5.png */; };
		67E20BEC1A43F73100F3C35D /* key_6.png in Resources */ = {isa = PBXBuildFile; fileRef = 67E20BE01A43F73100F3C35D /* key_6.png */; };
		67E20BED1A43F73100F3C35D /* key_7.png in Resources */ = {isa = PBXBuildFile; fileRef = 67E20BE11A43F73100F3C35D /* key_7.png */; };
		67E20BEE1A43F73100F3C35D /* key_8.png in Resources */ = {isa = PBXBuildFile; fileRef = 67E20BE21A43F73100F3C35D /* key_8.png */; };
		67E20BEF1A43F73100F3C35D /* key_9.png in Resources */ = {isa = PBXBuildFile; fileRef = 67E20BE31A43F73100F3C35D /* key_9.png */; };
		67E20BF01A43F73100F3C35D /* volume_add.png in Resources */ = {isa = PBXBuildFile; fileRef = 67E20BE41A43F73100F3C35D /* volume_add.png */; };
		67E20BF11A43F73100F3C35D /* volume_sub.png in Resources */ = {isa = PBXBuildFile; fileRef = 67E20BE51A43F73100F3C35D /* volume_sub.png */; };
		67F89EFA1A1F0EEF006D370A /* VOICEVIEWController.m in Sources */ = {isa = PBXBuildFile; fileRef = 67F89EF91A1F0EEF006D370A /* VOICEVIEWController.m */; };
/* End PBXBuildFile section */

/* Begin PBXContainerItemProxy section */
		61AA12D31A105ABC0041AB7E /* PBXContainerItemProxy */ = {
			isa = PBXContainerItemProxy;
			containerPortal = 61AA12A51A105ABA0041AB7E /* Project object */;
			proxyType = 1;
			remoteGlobalIDString = 61AA12AC1A105ABA0041AB7E;
			remoteInfo = RemoteIME;
		};
/* End PBXContainerItemProxy section */

/* Begin PBXFileReference section */
		61AA12AD1A105ABA0041AB7E /* RemoteIME.app */ = {isa = PBXFileReference; explicitFileType = wrapper.application; includeInIndex = 0; path = RemoteIME.app; sourceTree = BUILT_PRODUCTS_DIR; };
		61AA12B01A105ABA0041AB7E /* Foundation.framework */ = {isa = PBXFileReference; lastKnownFileType = wrapper.framework; name = Foundation.framework; path = System/Library/Frameworks/Foundation.framework; sourceTree = SDKROOT; };
		61AA12B21A105ABA0041AB7E /* CoreGraphics.framework */ = {isa = PBXFileReference; lastKnownFileType = wrapper.framework; name = CoreGraphics.framework; path = System/Library/Frameworks/CoreGraphics.framework; sourceTree = SDKROOT; };
		61AA12B41A105ABB0041AB7E /* UIKit.framework */ = {isa = PBXFileReference; lastKnownFileType = wrapper.framework; name = UIKit.framework; path = System/Library/Frameworks/UIKit.framework; sourceTree = SDKROOT; };
		61AA12B81A105ABB0041AB7E /* RemoteIME-Info.plist */ = {isa = PBXFileReference; lastKnownFileType = text.plist.xml; path = "RemoteIME-Info.plist"; sourceTree = "<group>"; };
		61AA12BA1A105ABB0041AB7E /* en */ = {isa = PBXFileReference; lastKnownFileType = text.plist.strings; name = en; path = en.lproj/InfoPlist.strings; sourceTree = "<group>"; };
		61AA12BC1A105ABB0041AB7E /* main.m */ = {isa = PBXFileReference; lastKnownFileType = sourcecode.c.objc; path = main.m; sourceTree = "<group>"; };
		61AA12BE1A105ABB0041AB7E /* RemoteIME-Prefix.pch */ = {isa = PBXFileReference; lastKnownFileType = sourcecode.c.h; path = "RemoteIME-Prefix.pch"; sourceTree = "<group>"; };
		61AA12BF1A105ABB0041AB7E /* gntvAppDelegate.h */ = {isa = PBXFileReference; lastKnownFileType = sourcecode.c.h; path = gntvAppDelegate.h; sourceTree = "<group>"; };
		61AA12C01A105ABB0041AB7E /* gntvAppDelegate.m */ = {isa = PBXFileReference; lastKnownFileType = sourcecode.c.objc; path = gntvAppDelegate.m; sourceTree = "<group>"; };
		61AA12C51A105ABB0041AB7E /* gntvViewController.h */ = {isa = PBXFileReference; lastKnownFileType = sourcecode.c.h; path = gntvViewController.h; sourceTree = "<group>"; };
		61AA12C81A105ABB0041AB7E /* Images.xcassets */ = {isa = PBXFileReference; lastKnownFileType = folder.assetcatalog; path = Images.xcassets; sourceTree = "<group>"; };
		61AA12CE1A105ABC0041AB7E /* RemoteIMETests.xctest */ = {isa = PBXFileReference; explicitFileType = wrapper.cfbundle; includeInIndex = 0; path = RemoteIMETests.xctest; sourceTree = BUILT_PRODUCTS_DIR; };
		61AA12CF1A105ABC0041AB7E /* XCTest.framework */ = {isa = PBXFileReference; lastKnownFileType = wrapper.framework; name = XCTest.framework; path = Library/Frameworks/XCTest.framework; sourceTree = DEVELOPER_DIR; };
		61AA12D71A105ABC0041AB7E /* RemoteIMETests-Info.plist */ = {isa = PBXFileReference; lastKnownFileType = text.plist.xml; path = "RemoteIMETests-Info.plist"; sourceTree = "<group>"; };
		61AA12D91A105ABC0041AB7E /* en */ = {isa = PBXFileReference; lastKnownFileType = text.plist.strings; name = en; path = en.lproj/InfoPlist.strings; sourceTree = "<group>"; };
		61AA12DB1A105ABC0041AB7E /* RemoteIMETests.m */ = {isa = PBXFileReference; lastKnownFileType = sourcecode.c.objc; path = RemoteIMETests.m; sourceTree = "<group>"; };
		61AA12E61A105F330041AB7E /* device_finding.png */ = {isa = PBXFileReference; lastKnownFileType = image.png; path = device_finding.png; sourceTree = "<group>"; };
		61AA12E71A105F330041AB7E /* device_list.png */ = {isa = PBXFileReference; lastKnownFileType = image.png; path = device_list.png; sourceTree = "<group>"; };
		61AA12E81A105F330041AB7E /* find_device.png */ = {isa = PBXFileReference; lastKnownFileType = image.png; path = find_device.png; sourceTree = "<group>"; };
		61AA12E91A105F330041AB7E /* home_btn_bg.png */ = {isa = PBXFileReference; lastKnownFileType = image.png; path = home_btn_bg.png; sourceTree = "<group>"; };
		61AA12EA1A105F330041AB7E /* ic_launcher.png */ = {isa = PBXFileReference; lastKnownFileType = image.png; path = ic_launcher.png; sourceTree = "<group>"; };
		61AA12EB1A105F330041AB7E /* icon_devices.png */ = {isa = PBXFileReference; lastKnownFileType = image.png; path = icon_devices.png; sourceTree = "<group>"; };
		61AA12EC1A105F330041AB7E /* icon_devices_select.png */ = {isa = PBXFileReference; lastKnownFileType = image.png; path = icon_devices_select.png; sourceTree = "<group>"; };
		61AA12ED1A105F330041AB7E /* icon_help.png */ = {isa = PBXFileReference; lastKnownFileType = image.png; path = icon_help.png; sourceTree = "<group>"; };
		61AA12EE1A105F330041AB7E /* icon_help_select.png */ = {isa = PBXFileReference; lastKnownFileType = image.png; path = icon_help_select.png; sourceTree = "<group>"; };
		61AA12EF1A105F330041AB7E /* icon_remote.png */ = {isa = PBXFileReference; lastKnownFileType = image.png; path = icon_remote.png; sourceTree = "<group>"; };
		61AA12F01A105F330041AB7E /* icon_remote_select.png */ = {isa = PBXFileReference; lastKnownFileType = image.png; path = icon_remote_select.png; sourceTree = "<group>"; };
		61AA12F11A105F330041AB7E /* icon_voice.png */ = {isa = PBXFileReference; lastKnownFileType = image.png; path = icon_voice.png; sourceTree = "<group>"; };
		61AA12F21A105F330041AB7E /* icon_voice_search.png */ = {isa = PBXFileReference; lastKnownFileType = image.png; path = icon_voice_search.png; sourceTree = "<group>"; };
		61AA12F31A105F330041AB7E /* icon_voice_search_select.png */ = {isa = PBXFileReference; lastKnownFileType = image.png; path = icon_voice_search_select.png; sourceTree = "<group>"; };
		61AA12F41A105F330041AB7E /* icon_voice_select.png */ = {isa = PBXFileReference; lastKnownFileType = image.png; path = icon_voice_select.png; sourceTree = "<group>"; };
		61AA12F51A105F330041AB7E /* kanke_control_bg.jpg */ = {isa = PBXFileReference; lastKnownFileType = image.jpeg; path = kanke_control_bg.jpg; sourceTree = "<group>"; };
		61AA12F61A105F330041AB7E /* local_player1.png */ = {isa = PBXFileReference; lastKnownFileType = image.png; path = local_player1.png; sourceTree = "<group>"; };
		61AA12F71A105F330041AB7E /* local_player2.png */ = {isa = PBXFileReference; lastKnownFileType = image.png; path = local_player2.png; sourceTree = "<group>"; };
		61AA12F81A105F330041AB7E /* maintab_toolbar_bg.png */ = {isa = PBXFileReference; lastKnownFileType = image.png; path = maintab_toolbar_bg.png; sourceTree = "<group>"; };
		61AA12F91A105F330041AB7E /* moviepic_bg.gif */ = {isa = PBXFileReference; lastKnownFileType = image.gif; path = moviepic_bg.gif; sourceTree = "<group>"; };
		61AA12FA1A105F330041AB7E /* net_video_bg.jpg */ = {isa = PBXFileReference; lastKnownFileType = image.jpeg; path = net_video_bg.jpg; sourceTree = "<group>"; };
		61AA12FB1A105F330041AB7E /* remote_back_selected.png */ = {isa = PBXFileReference; lastKnownFileType = image.png; path = remote_back_selected.png; sourceTree = "<group>"; };
		61AA12FC1A105F330041AB7E /* remote_back_unselected.png */ = {isa = PBXFileReference; lastKnownFileType = image.png; path = remote_back_unselected.png; sourceTree = "<group>"; };
		61AA12FD1A105F330041AB7E /* remote_down_selected.png */ = {isa = PBXFileReference; lastKnownFileType = image.png; path = remote_down_selected.png; sourceTree = "<group>"; };
		61AA12FE1A105F330041AB7E /* remote_down_unselected.png */ = {isa = PBXFileReference; lastKnownFileType = image.png; path = remote_down_unselected.png; sourceTree = "<group>"; };
		61AA12FF1A105F330041AB7E /* remote_home_selected.png */ = {isa = PBXFileReference; lastKnownFileType = image.png; path = remote_home_selected.png; sourceTree = "<group>"; };
		61AA13001A105F330041AB7E /* remote_home_unselected.png */ = {isa = PBXFileReference; lastKnownFileType = image.png; path = remote_home_unselected.png; sourceTree = "<group>"; };
		61AA13011A105F330041AB7E /* remote_left_selected.png */ = {isa = PBXFileReference; lastKnownFileType = image.png; path = remote_left_selected.png; sourceTree = "<group>"; };
		61AA13021A105F330041AB7E /* remote_left_unselected.png */ = {isa = PBXFileReference; lastKnownFileType = image.png; path = remote_left_unselected.png; sourceTree = "<group>"; };
		61AA13031A105F330041AB7E /* remote_menu_selected.png */ = {isa = PBXFileReference; lastKnownFileType = image.png; path = remote_menu_selected.png; sourceTree = "<group>"; };
		61AA13041A105F330041AB7E /* remote_menu_unselected.png */ = {isa = PBXFileReference; lastKnownFileType = image.png; path = remote_menu_unselected.png; sourceTree = "<group>"; };
		61AA13051A105F330041AB7E /* remote_mute_selected.png */ = {isa = PBXFileReference; lastKnownFileType = image.png; path = remote_mute_selected.png; sourceTree = "<group>"; };
		61AA13061A105F330041AB7E /* remote_mute_unselected.png */ = {isa = PBXFileReference; lastKnownFileType = image.png; path = remote_mute_unselected.png; sourceTree = "<group>"; };
		61AA13071A105F330041AB7E /* remote_ok_selected.png */ = {isa = PBXFileReference; lastKnownFileType = image.png; path = remote_ok_selected.png; sourceTree = "<group>"; };
		61AA13081A105F330041AB7E /* remote_ok_unselected.png */ = {isa = PBXFileReference; lastKnownFileType = image.png; path = remote_ok_unselected.png; sourceTree = "<group>"; };
		61AA13091A105F330041AB7E /* remote_right_selected.png */ = {isa = PBXFileReference; lastKnownFileType = image.png; path = remote_right_selected.png; sourceTree = "<group>"; };
		61AA130A1A105F330041AB7E /* remote_right_unselected.png */ = {isa = PBXFileReference; lastKnownFileType = image.png; path = remote_right_unselected.png; sourceTree = "<group>"; };
		61AA130B1A105F330041AB7E /* remote_up_selected.png */ = {isa = PBXFileReference; lastKnownFileType = image.png; path = remote_up_selected.png; sourceTree = "<group>"; };
		61AA130C1A105F330041AB7E /* remote_up_unselected.png */ = {isa = PBXFileReference; lastKnownFileType = image.png; path = remote_up_unselected.png; sourceTree = "<group>"; };
		61AA130D1A105F330041AB7E /* remote_volume_down_selected.png */ = {isa = PBXFileReference; lastKnownFileType = image.png; path = remote_volume_down_selected.png; sourceTree = "<group>"; };
		61AA130E1A105F330041AB7E /* remote_volume_down_unselected.png */ = {isa = PBXFileReference; lastKnownFileType = image.png; path = remote_volume_down_unselected.png; sourceTree = "<group>"; };
		61AA130F1A105F330041AB7E /* remote_volume_up_selected.png */ = {isa = PBXFileReference; lastKnownFileType = image.png; path = remote_volume_up_selected.png; sourceTree = "<group>"; };
		61AA13101A105F330041AB7E /* remote_volume_up_unselected.png */ = {isa = PBXFileReference; lastKnownFileType = image.png; path = remote_volume_up_unselected.png; sourceTree = "<group>"; };
		61AA13111A105F330041AB7E /* search_bg.jpg */ = {isa = PBXFileReference; lastKnownFileType = image.jpeg; path = search_bg.jpg; sourceTree = "<group>"; };
		61AA13121A105F330041AB7E /* setting_list_arrow.png */ = {isa = PBXFileReference; lastKnownFileType = image.png; path = setting_list_arrow.png; sourceTree = "<group>"; };
		61AA13131A105F330041AB7E /* setting_list_divider.png */ = {isa = PBXFileReference; lastKnownFileType = image.png; path = setting_list_divider.png; sourceTree = "<group>"; };
		61AA13141A105F330041AB7E /* voice_search_download.png */ = {isa = PBXFileReference; lastKnownFileType = image.png; path = voice_search_download.png; sourceTree = "<group>"; };
		61AA13151A105F330041AB7E /* voice_search_download_press.png */ = {isa = PBXFileReference; lastKnownFileType = image.png; path = voice_search_download_press.png; sourceTree = "<group>"; };
		61AA13161A105F330041AB7E /* voice_search_microphone.png */ = {isa = PBXFileReference; lastKnownFileType = image.png; path = voice_search_microphone.png; sourceTree = "<group>"; };
		61AA13171A105F330041AB7E /* voice_search_no_microphone.png */ = {isa = PBXFileReference; lastKnownFileType = image.png; path = voice_search_no_microphone.png; sourceTree = "<group>"; };
		61AA13181A105F330041AB7E /* voice_search_top_bar.png */ = {isa = PBXFileReference; lastKnownFileType = image.png; path = voice_search_top_bar.png; sourceTree = "<group>"; };
		61AA134C1A10840B0041AB7E /* AsyncSocket.h */ = {isa = PBXFileReference; fileEncoding = 4; lastKnownFileType = sourcecode.c.h; path = AsyncSocket.h; sourceTree = "<group>"; };
		61AA134D1A10841B0041AB7E /* AsyncSocket.m */ = {isa = PBXFileReference; fileEncoding = 4; lastKnownFileType = sourcecode.c.objc; path = AsyncSocket.m; sourceTree = "<group>"; };
		61AA134F1A1084730041AB7E /* AsyncUdpSocket.h */ = {isa = PBXFileReference; fileEncoding = 4; lastKnownFileType = sourcecode.c.h; path = AsyncUdpSocket.h; sourceTree = "<group>"; };
		61AA13501A1084890041AB7E /* AsyncUdpSocket.m */ = {isa = PBXFileReference; fileEncoding = 4; lastKnownFileType = sourcecode.c.objc; path = AsyncUdpSocket.m; sourceTree = "<group>"; };
		61AA13521A1089A20041AB7E /* CFNetwork.framework */ = {isa = PBXFileReference; lastKnownFileType = wrapper.framework; name = CFNetwork.framework; path = System/Library/Frameworks/CFNetwork.framework; sourceTree = SDKROOT; };
		61AA13541A10B2470041AB7E /* SystemConfiguration.framework */ = {isa = PBXFileReference; lastKnownFileType = wrapper.framework; name = SystemConfiguration.framework; path = System/Library/Frameworks/SystemConfiguration.framework; sourceTree = SDKROOT; };
		61AA13571A10B54F0041AB7E /* Reachability.m */ = {isa = PBXFileReference; fileEncoding = 4; lastKnownFileType = sourcecode.c.objc; path = Reachability.m; sourceTree = "<group>"; };
		61F1A3621A11E62F00E52530 /* IMEViewController.h */ = {isa = PBXFileReference; fileEncoding = 4; lastKnownFileType = sourcecode.c.h; path = IMEViewController.h; sourceTree = "<group>"; };
		61F1A3631A11E62F00E52530 /* IMEViewController.m */ = {isa = PBXFileReference; fileEncoding = 4; lastKnownFileType = sourcecode.c.objc; path = IMEViewController.m; sourceTree = "<group>"; };
		61F1A3651A1210A300E52530 /* IMETabBarController.h */ = {isa = PBXFileReference; fileEncoding = 4; lastKnownFileType = sourcecode.c.h; name = IMETabBarController.h; path = ../IMETabBarController.h; sourceTree = "<group>"; };
		61F1A3661A1210A300E52530 /* IMETabBarController.m */ = {isa = PBXFileReference; fileEncoding = 4; lastKnownFileType = sourcecode.c.objc; name = IMETabBarController.m; path = ../IMETabBarController.m; sourceTree = "<group>"; };
		61F4547F1A1F91A4001C7914 /* iflyMSC.framework */ = {isa = PBXFileReference; lastKnownFileType = wrapper.framework; path = iflyMSC.framework; sourceTree = "<group>"; };
		61F454811A1F9623001C7914 /* AVFoundation.framework */ = {isa = PBXFileReference; lastKnownFileType = wrapper.framework; name = AVFoundation.framework; path = System/Library/Frameworks/AVFoundation.framework; sourceTree = SDKROOT; };
		61F454831A1F96A1001C7914 /* AudioToolbox.framework */ = {isa = PBXFileReference; lastKnownFileType = wrapper.framework; name = AudioToolbox.framework; path = System/Library/Frameworks/AudioToolbox.framework; sourceTree = SDKROOT; };
		61F454851A1F96D6001C7914 /* CoreLocation.framework */ = {isa = PBXFileReference; lastKnownFileType = wrapper.framework; name = CoreLocation.framework; path = System/Library/Frameworks/CoreLocation.framework; sourceTree = SDKROOT; };
		61F454871A1F96E1001C7914 /* CoreTelephony.framework */ = {isa = PBXFileReference; lastKnownFileType = wrapper.framework; name = CoreTelephony.framework; path = System/Library/Frameworks/CoreTelephony.framework; sourceTree = SDKROOT; };
		61F454891A1F9703001C7914 /* libz.dylib */ = {isa = PBXFileReference; lastKnownFileType = "compiled.mach-o.dylib"; name = libz.dylib; path = usr/lib/libz.dylib; sourceTree = SDKROOT; };
		61F4548B1A1F9713001C7914 /* AddressBook.framework */ = {isa = PBXFileReference; lastKnownFileType = wrapper.framework; name = AddressBook.framework; path = System/Library/Frameworks/AddressBook.framework; sourceTree = SDKROOT; };
		61F4548D1A1F973F001C7914 /* QuartzCore.framework */ = {isa = PBXFileReference; lastKnownFileType = wrapper.framework; name = QuartzCore.framework; path = System/Library/Frameworks/QuartzCore.framework; sourceTree = SDKROOT; };
		61FF76201A13422D0033845A /* gntvTabBarController.h */ = {isa = PBXFileReference; fileEncoding = 4; lastKnownFileType = sourcecode.c.h; path = gntvTabBarController.h; sourceTree = "<group>"; };
		61FF76211A13422D0033845A /* gntvTabBarController.m */ = {isa = PBXFileReference; fileEncoding = 4; lastKnownFileType = sourcecode.c.objc; path = gntvTabBarController.m; sourceTree = "<group>"; };
		671F63331A49573B00536586 /* Base */ = {isa = PBXFileReference; lastKnownFileType = file.storyboard; name = Base; path = Base.lproj/Main.storyboard; sourceTree = "<group>"; };
		672E1C1D1A6D228D00DAF709 /* guide_01.png */ = {isa = PBXFileReference; lastKnownFileType = image.png; path = guide_01.png; sourceTree = "<group>"; };
		672E1C1E1A6D228D00DAF709 /* guide_02.png */ = {isa = PBXFileReference; lastKnownFileType = image.png; path = guide_02.png; sourceTree = "<group>"; };
		672E1C1F1A6D228D00DAF709 /* guide_03.png */ = {isa = PBXFileReference; lastKnownFileType = image.png; path = guide_03.png; sourceTree = "<group>"; };
		672E1C201A6D228D00DAF709 /* voice_search_microphone_0.png */ = {isa = PBXFileReference; lastKnownFileType = image.png; path = voice_search_microphone_0.png; sourceTree = "<group>"; };
		672E1C211A6D228D00DAF709 /* voice_search_microphone_1.png */ = {isa = PBXFileReference; lastKnownFileType = image.png; path = voice_search_microphone_1.png; sourceTree = "<group>"; };
		672E1C221A6D228D00DAF709 /* voice_search_microphone_2.png */ = {isa = PBXFileReference; lastKnownFileType = image.png; path = voice_search_microphone_2.png; sourceTree = "<group>"; };
		672E1C231A6D228D00DAF709 /* voice_search_microphone_3.png */ = {isa = PBXFileReference; lastKnownFileType = image.png; path = voice_search_microphone_3.png; sourceTree = "<group>"; };
		672E1C2B1A6D24CE00DAF709 /* unsolidline.png */ = {isa = PBXFileReference; lastKnownFileType = image.png; path = unsolidline.png; sourceTree = "<group>"; };
		672F5C701A5C163B00F64E92 /* SplashViewController.h */ = {isa = PBXFileReference; fileEncoding = 4; lastKnownFileType = sourcecode.c.h; path = SplashViewController.h; sourceTree = "<group>"; };
		672F5C711A5C163B00F64E92 /* SplashViewController.m */ = {isa = PBXFileReference; fileEncoding = 4; lastKnownFileType = sourcecode.c.objc; path = SplashViewController.m; sourceTree = "<group>"; };
		67414BCB1A6398D400B4DEE0 /* NSObject+SBJson.h */ = {isa = PBXFileReference; fileEncoding = 4; lastKnownFileType = sourcecode.c.h; path = "NSObject+SBJson.h"; sourceTree = "<group>"; };
		67414BCC1A6398D400B4DEE0 /* NSObject+SBJson.m */ = {isa = PBXFileReference; fileEncoding = 4; lastKnownFileType = sourcecode.c.objc; path = "NSObject+SBJson.m"; sourceTree = "<group>"; };
		67414BCD1A6398D400B4DEE0 /* SBJson.h */ = {isa = PBXFileReference; fileEncoding = 4; lastKnownFileType = sourcecode.c.h; path = SBJson.h; sourceTree = "<group>"; };
		67414BCE1A6398D400B4DEE0 /* SBJsonParser.h */ = {isa = PBXFileReference; fileEncoding = 4; lastKnownFileType = sourcecode.c.h; path = SBJsonParser.h; sourceTree = "<group>"; };
		67414BCF1A6398D400B4DEE0 /* SBJsonParser.m */ = {isa = PBXFileReference; fileEncoding = 4; lastKnownFileType = sourcecode.c.objc; path = SBJsonParser.m; sourceTree = "<group>"; };
		67414BD01A6398D400B4DEE0 /* SBJsonStreamParser.h */ = {isa = PBXFileReference; fileEncoding = 4; lastKnownFileType = sourcecode.c.h; path = SBJsonStreamParser.h; sourceTree = "<group>"; };
		67414BD11A6398D400B4DEE0 /* SBJsonStreamParser.m */ = {isa = PBXFileReference; fileEncoding = 4; lastKnownFileType = sourcecode.c.objc; path = SBJsonStreamParser.m; sourceTree = "<group>"; };
		67414BD21A6398D400B4DEE0 /* SBJsonStreamParserAccumulator.h */ = {isa = PBXFileReference; fileEncoding = 4; lastKnownFileType = sourcecode.c.h; path = SBJsonStreamParserAccumulator.h; sourceTree = "<group>"; };
		67414BD31A6398D400B4DEE0 /* SBJsonStreamParserAccumulator.m */ = {isa = PBXFileReference; fileEncoding = 4; lastKnownFileType = sourcecode.c.objc; path = SBJsonStreamParserAccumulator.m; sourceTree = "<group>"; };
		67414BD41A6398D400B4DEE0 /* SBJsonStreamParserAdapter.h */ = {isa = PBXFileReference; fileEncoding = 4; lastKnownFileType = sourcecode.c.h; path = SBJsonStreamParserAdapter.h; sourceTree = "<group>"; };
		67414BD51A6398D400B4DEE0 /* SBJsonStreamParserAdapter.m */ = {isa = PBXFileReference; fileEncoding = 4; lastKnownFileType = sourcecode.c.objc; path = SBJsonStreamParserAdapter.m; sourceTree = "<group>"; };
		67414BD61A6398D400B4DEE0 /* SBJsonStreamParserState.h */ = {isa = PBXFileReference; fileEncoding = 4; lastKnownFileType = sourcecode.c.h; path = SBJsonStreamParserState.h; sourceTree = "<group>"; };
		67414BD71A6398D400B4DEE0 /* SBJsonStreamParserState.m */ = {isa = PBXFileReference; fileEncoding = 4; lastKnownFileType = sourcecode.c.objc; path = SBJsonStreamParserState.m; sourceTree = "<group>"; };
		67414BD81A6398D400B4DEE0 /* SBJsonStreamWriter.h */ = {isa = PBXFileReference; fileEncoding = 4; lastKnownFileType = sourcecode.c.h; path = SBJsonStreamWriter.h; sourceTree = "<group>"; };
		67414BD91A6398D400B4DEE0 /* SBJsonStreamWriter.m */ = {isa = PBXFileReference; fileEncoding = 4; lastKnownFileType = sourcecode.c.objc; path = SBJsonStreamWriter.m; sourceTree = "<group>"; };
		67414BDA1A6398D400B4DEE0 /* SBJsonStreamWriterAccumulator.h */ = {isa = PBXFileReference; fileEncoding = 4; lastKnownFileType = sourcecode.c.h; path = SBJsonStreamWriterAccumulator.h; sourceTree = "<group>"; };
		67414BDB1A6398D400B4DEE0 /* SBJsonStreamWriterAccumulator.m */ = {isa = PBXFileReference; fileEncoding = 4; lastKnownFileType = sourcecode.c.objc; path = SBJsonStreamWriterAccumulator.m; sourceTree = "<group>"; };
		67414BDC1A6398D400B4DEE0 /* SBJsonStreamWriterState.h */ = {isa = PBXFileReference; fileEncoding = 4; lastKnownFileType = sourcecode.c.h; path = SBJsonStreamWriterState.h; sourceTree = "<group>"; };
		67414BDD1A6398D400B4DEE0 /* SBJsonStreamWriterState.m */ = {isa = PBXFileReference; fileEncoding = 4; lastKnownFileType = sourcecode.c.objc; path = SBJsonStreamWriterState.m; sourceTree = "<group>"; };
		67414BDE1A6398D400B4DEE0 /* SBJsonTokeniser.h */ = {isa = PBXFileReference; fileEncoding = 4; lastKnownFileType = sourcecode.c.h; path = SBJsonTokeniser.h; sourceTree = "<group>"; };
		67414BDF1A6398D400B4DEE0 /* SBJsonTokeniser.m */ = {isa = PBXFileReference; fileEncoding = 4; lastKnownFileType = sourcecode.c.objc; path = SBJsonTokeniser.m; sourceTree = "<group>"; };
		67414BE01A6398D400B4DEE0 /* SBJsonUTF8Stream.h */ = {isa = PBXFileReference; fileEncoding = 4; lastKnownFileType = sourcecode.c.h; path = SBJsonUTF8Stream.h; sourceTree = "<group>"; };
		67414BE11A6398D400B4DEE0 /* SBJsonUTF8Stream.m */ = {isa = PBXFileReference; fileEncoding = 4; lastKnownFileType = sourcecode.c.objc; path = SBJsonUTF8Stream.m; sourceTree = "<group>"; };
		67414BE21A6398D400B4DEE0 /* SBJsonWriter.h */ = {isa = PBXFileReference; fileEncoding = 4; lastKnownFileType = sourcecode.c.h; path = SBJsonWriter.h; sourceTree = "<group>"; };
		67414BE31A6398D400B4DEE0 /* SBJsonWriter.m */ = {isa = PBXFileReference; fileEncoding = 4; lastKnownFileType = sourcecode.c.objc; path = SBJsonWriter.m; sourceTree = "<group>"; };
		67414BF41A63B6C200B4DEE0 /* about_icon.png */ = {isa = PBXFileReference; lastKnownFileType = image.png; path = about_icon.png; sourceTree = "<group>"; };
		67414BF51A63B6C200B4DEE0 /* about_icon180.png */ = {isa = PBXFileReference; lastKnownFileType = image.png; path = about_icon180.png; sourceTree = "<group>"; };
		67414BF61A63B6C200B4DEE0 /* about_icon120.png */ = {isa = PBXFileReference; lastKnownFileType = image.png; path = about_icon120.png; sourceTree = "<group>"; };
		676418271A5EC34400AB91A3 /* settingViewController.h */ = {isa = PBXFileReference; fileEncoding = 4; lastKnownFileType = sourcecode.c.h; path = settingViewController.h; sourceTree = "<group>"; };
		676418281A5EC34400AB91A3 /* settingViewController.m */ = {isa = PBXFileReference; fileEncoding = 4; lastKnownFileType = sourcecode.c.objc; path = settingViewController.m; sourceTree = "<group>"; };
		67800FA71A5FD36D0063989E /* gntvViewController.m */ = {isa = PBXFileReference; fileEncoding = 4; lastKnownFileType = sourcecode.c.objc; path = gntvViewController.m; sourceTree = "<group>"; };
		67DC59C31A14500F00F270AC /* Reachability.h */ = {isa = PBXFileReference; fileEncoding = 4; lastKnownFileType = sourcecode.c.h; path = Reachability.h; sourceTree = "<group>"; };
		67E20BDA1A43F73000F3C35D /* key_0.png */ = {isa = PBXFileReference; lastKnownFileType = image.png; path = key_0.png; sourceTree = "<group>"; };
		67E20BDB1A43F73000F3C35D /* key_1.png */ = {isa = PBXFileReference; lastKnownFileType = image.png; path = key_1.png; sourceTree = "<group>"; };
		67E20BDC1A43F73000F3C35D /* key_2.png */ = {isa = PBXFileReference; lastKnownFileType = image.png; path = key_2.png; sourceTree = "<group>"; };
		67E20BDD1A43F73100F3C35D /* key_3.png */ = {isa = PBXFileReference; lastKnownFileType = image.png; path = key_3.png; sourceTree = "<group>"; };
		67E20BDE1A43F73100F3C35D /* key_4.png */ = {isa = PBXFileReference; lastKnownFileType = image.png; path = key_4.png; sourceTree = "<group>"; };
		67E20BDF1A43F73100F3C35D /* key_5.png */ = {isa = PBXFileReference; lastKnownFileType = image.png; path = key_5.png; sourceTree = "<group>"; };
		67E20BE01A43F73100F3C35D /* key_6.png */ = {isa = PBXFileReference; lastKnownFileType = image.png; path = key_6.png; sourceTree = "<group>"; };
		67E20BE11A43F73100F3C35D /* key_7.png */ = {isa = PBXFileReference; lastKnownFileType = image.png; path = key_7.png; sourceTree = "<group>"; };
		67E20BE21A43F73100F3C35D /* key_8.png */ = {isa = PBXFileReference; lastKnownFileType = image.png; path = key_8.png; sourceTree = "<group>"; };
		67E20BE31A43F73100F3C35D /* key_9.png */ = {isa = PBXFileReference; lastKnownFileType = image.png; path = key_9.png; sourceTree = "<group>"; };
		67E20BE41A43F73100F3C35D /* volume_add.png */ = {isa = PBXFileReference; lastKnownFileType = image.png; path = volume_add.png; sourceTree = "<group>"; };
		67E20BE51A43F73100F3C35D /* volume_sub.png */ = {isa = PBXFileReference; lastKnownFileType = image.png; path = volume_sub.png; sourceTree = "<group>"; };
		67F89EF81A1F0EEF006D370A /* VOICEVIEWController.h */ = {isa = PBXFileReference; fileEncoding = 4; lastKnownFileType = sourcecode.c.h; name = VOICEVIEWController.h; path = ../VOICEVIEWController.h; sourceTree = "<group>"; };
		67F89EF91A1F0EEF006D370A /* VOICEVIEWController.m */ = {isa = PBXFileReference; fileEncoding = 4; lastKnownFileType = sourcecode.c.objc; name = VOICEVIEWController.m; path = ../VOICEVIEWController.m; sourceTree = "<group>"; };
/* End PBXFileReference section */

/* Begin PBXFrameworksBuildPhase section */
		61AA12AA1A105ABA0041AB7E /* Frameworks */ = {
			isa = PBXFrameworksBuildPhase;
			buildActionMask = 2147483647;
			files = (
				61AA12B31A105ABA0041AB7E /* CoreGraphics.framework in Frameworks */,
				61AA12B11A105ABA0041AB7E /* Foundation.framework in Frameworks */,
				61F4548E1A1F973F001C7914 /* QuartzCore.framework in Frameworks */,
				61F4548C1A1F9713001C7914 /* AddressBook.framework in Frameworks */,
				61F4548A1A1F9703001C7914 /* libz.dylib in Frameworks */,
				61F454881A1F96E1001C7914 /* CoreTelephony.framework in Frameworks */,
				61F454861A1F96D6001C7914 /* CoreLocation.framework in Frameworks */,
				61F454841A1F96A1001C7914 /* AudioToolbox.framework in Frameworks */,
				61F454821A1F9623001C7914 /* AVFoundation.framework in Frameworks */,
				61F454801A1F91A5001C7914 /* iflyMSC.framework in Frameworks */,
				61AA13551A10B2480041AB7E /* SystemConfiguration.framework in Frameworks */,
				61AA13531A1089A30041AB7E /* CFNetwork.framework in Frameworks */,
				61AA12B51A105ABB0041AB7E /* UIKit.framework in Frameworks */,
			);
			runOnlyForDeploymentPostprocessing = 0;
		};
		61AA12CB1A105ABC0041AB7E /* Frameworks */ = {
			isa = PBXFrameworksBuildPhase;
			buildActionMask = 2147483647;
			files = (
				61AA12D01A105ABC0041AB7E /* XCTest.framework in Frameworks */,
				61AA12D21A105ABC0041AB7E /* UIKit.framework in Frameworks */,
				61AA12D11A105ABC0041AB7E /* Foundation.framework in Frameworks */,
			);
			runOnlyForDeploymentPostprocessing = 0;
		};
/* End PBXFrameworksBuildPhase section */

/* Begin PBXGroup section */
		61AA12A41A105ABA0041AB7E = {
			isa = PBXGroup;
			children = (
				61AA12B61A105ABB0041AB7E /* RemoteIME */,
				61AA12D51A105ABC0041AB7E /* RemoteIMETests */,
				61AA12AF1A105ABA0041AB7E /* Frameworks */,
				61AA12AE1A105ABA0041AB7E /* Products */,
			);
			sourceTree = "<group>";
		};
		61AA12AE1A105ABA0041AB7E /* Products */ = {
			isa = PBXGroup;
			children = (
				61AA12AD1A105ABA0041AB7E /* RemoteIME.app */,
				61AA12CE1A105ABC0041AB7E /* RemoteIMETests.xctest */,
			);
			name = Products;
			sourceTree = "<group>";
		};
		61AA12AF1A105ABA0041AB7E /* Frameworks */ = {
			isa = PBXGroup;
			children = (
				61F4548D1A1F973F001C7914 /* QuartzCore.framework */,
				61F4548B1A1F9713001C7914 /* AddressBook.framework */,
				61F454891A1F9703001C7914 /* libz.dylib */,
				61F454871A1F96E1001C7914 /* CoreTelephony.framework */,
				61F454851A1F96D6001C7914 /* CoreLocation.framework */,
				61F454831A1F96A1001C7914 /* AudioToolbox.framework */,
				61F454811A1F9623001C7914 /* AVFoundation.framework */,
				61F4547F1A1F91A4001C7914 /* iflyMSC.framework */,
				61AA13541A10B2470041AB7E /* SystemConfiguration.framework */,
				61AA13521A1089A20041AB7E /* CFNetwork.framework */,
				61AA12B01A105ABA0041AB7E /* Foundation.framework */,
				61AA12B21A105ABA0041AB7E /* CoreGraphics.framework */,
				61AA12B41A105ABB0041AB7E /* UIKit.framework */,
				61AA12CF1A105ABC0041AB7E /* XCTest.framework */,
			);
			name = Frameworks;
			sourceTree = "<group>";
		};
		61AA12B61A105ABB0041AB7E /* RemoteIME */ = {
			isa = PBXGroup;
			children = (
				67414BCA1A6398D400B4DEE0 /* SBJson */,
				67DC59C41A14565200F270AC /* iPad */,
				67DC59C31A14500F00F270AC /* Reachability.h */,
				61F1A3651A1210A300E52530 /* IMETabBarController.h */,
				61F1A3661A1210A300E52530 /* IMETabBarController.m */,
				61AA13571A10B54F0041AB7E /* Reachability.m */,
				61AA13501A1084890041AB7E /* AsyncUdpSocket.m */,
				61AA134F1A1084730041AB7E /* AsyncUdpSocket.h */,
				61AA134D1A10841B0041AB7E /* AsyncSocket.m */,
				61AA134C1A10840B0041AB7E /* AsyncSocket.h */,
				61AA12BF1A105ABB0041AB7E /* gntvAppDelegate.h */,
				61AA12C01A105ABB0041AB7E /* gntvAppDelegate.m */,
				671F63321A49573B00536586 /* Main.storyboard */,
				676418271A5EC34400AB91A3 /* settingViewController.h */,
				676418281A5EC34400AB91A3 /* settingViewController.m */,
				67F89EF81A1F0EEF006D370A /* VOICEVIEWController.h */,
				67F89EF91A1F0EEF006D370A /* VOICEVIEWController.m */,
				61F1A3621A11E62F00E52530 /* IMEViewController.h */,
				61F1A3631A11E62F00E52530 /* IMEViewController.m */,
				61AA12C51A105ABB0041AB7E /* gntvViewController.h */,
				67800FA71A5FD36D0063989E /* gntvViewController.m */,
				61AA12C81A105ABB0041AB7E /* Images.xcassets */,
				61AA12B71A105ABB0041AB7E /* Supporting Files */,
				61FF76201A13422D0033845A /* gntvTabBarController.h */,
				61FF76211A13422D0033845A /* gntvTabBarController.m */,
				672F5C701A5C163B00F64E92 /* SplashViewController.h */,
				672F5C711A5C163B00F64E92 /* SplashViewController.m */,
			);
			path = RemoteIME;
			sourceTree = "<group>";
		};
		61AA12B71A105ABB0041AB7E /* Supporting Files */ = {
			isa = PBXGroup;
			children = (
				61AA12E51A105F330041AB7E /* drawable */,
				61AA12B81A105ABB0041AB7E /* RemoteIME-Info.plist */,
				61AA12B91A105ABB0041AB7E /* InfoPlist.strings */,
				61AA12BC1A105ABB0041AB7E /* main.m */,
				61AA12BE1A105ABB0041AB7E /* RemoteIME-Prefix.pch */,
			);
			name = "Supporting Files";
			sourceTree = "<group>";
		};
		61AA12D51A105ABC0041AB7E /* RemoteIMETests */ = {
			isa = PBXGroup;
			children = (
				61AA12DB1A105ABC0041AB7E /* RemoteIMETests.m */,
				61AA12D61A105ABC0041AB7E /* Supporting Files */,
			);
			path = RemoteIMETests;
			sourceTree = "<group>";
		};
		61AA12D61A105ABC0041AB7E /* Supporting Files */ = {
			isa = PBXGroup;
			children = (
				61AA12D71A105ABC0041AB7E /* RemoteIMETests-Info.plist */,
				61AA12D81A105ABC0041AB7E /* InfoPlist.strings */,
			);
			name = "Supporting Files";
			sourceTree = "<group>";
		};
		61AA12E51A105F330041AB7E /* drawable */ = {
			isa = PBXGroup;
			children = (
				672E1C2B1A6D24CE00DAF709 /* unsolidline.png */,
				672E1C1D1A6D228D00DAF709 /* guide_01.png */,
				672E1C1E1A6D228D00DAF709 /* guide_02.png */,
				672E1C1F1A6D228D00DAF709 /* guide_03.png */,
				672E1C201A6D228D00DAF709 /* voice_search_microphone_0.png */,
				672E1C211A6D228D00DAF709 /* voice_search_microphone_1.png */,
				672E1C221A6D228D00DAF709 /* voice_search_microphone_2.png */,
				672E1C231A6D228D00DAF709 /* voice_search_microphone_3.png */,
				67414BF41A63B6C200B4DEE0 /* about_icon.png */,
				67414BF51A63B6C200B4DEE0 /* about_icon180.png */,
				67414BF61A63B6C200B4DEE0 /* about_icon120.png */,
				67E20BDA1A43F73000F3C35D /* key_0.png */,
				67E20BDB1A43F73000F3C35D /* key_1.png */,
				67E20BDC1A43F73000F3C35D /* key_2.png */,
				67E20BDD1A43F73100F3C35D /* key_3.png */,
				67E20BDE1A43F73100F3C35D /* key_4.png */,
				67E20BDF1A43F73100F3C35D /* key_5.png */,
				67E20BE01A43F73100F3C35D /* key_6.png */,
				67E20BE11A43F73100F3C35D /* key_7.png */,
				67E20BE21A43F73100F3C35D /* key_8.png */,
				67E20BE31A43F73100F3C35D /* key_9.png */,
				67E20BE41A43F73100F3C35D /* volume_add.png */,
				67E20BE51A43F73100F3C35D /* volume_sub.png */,
				61AA12E61A105F330041AB7E /* device_finding.png */,
				61AA12E71A105F330041AB7E /* device_list.png */,
				61AA12E81A105F330041AB7E /* find_device.png */,
				61AA12E91A105F330041AB7E /* home_btn_bg.png */,
				61AA12EA1A105F330041AB7E /* ic_launcher.png */,
				61AA12EB1A105F330041AB7E /* icon_devices.png */,
				61AA12EC1A105F330041AB7E /* icon_devices_select.png */,
				61AA12ED1A105F330041AB7E /* icon_help.png */,
				61AA12EE1A105F330041AB7E /* icon_help_select.png */,
				61AA12EF1A105F330041AB7E /* icon_remote.png */,
				61AA12F01A105F330041AB7E /* icon_remote_select.png */,
				61AA12F11A105F330041AB7E /* icon_voice.png */,
				61AA12F21A105F330041AB7E /* icon_voice_search.png */,
				61AA12F31A105F330041AB7E /* icon_voice_search_select.png */,
				61AA12F41A105F330041AB7E /* icon_voice_select.png */,
				61AA12F51A105F330041AB7E /* kanke_control_bg.jpg */,
				61AA12F61A105F330041AB7E /* local_player1.png */,
				61AA12F71A105F330041AB7E /* local_player2.png */,
				61AA12F81A105F330041AB7E /* maintab_toolbar_bg.png */,
				61AA12F91A105F330041AB7E /* moviepic_bg.gif */,
				61AA12FA1A105F330041AB7E /* net_video_bg.jpg */,
				61AA12FB1A105F330041AB7E /* remote_back_selected.png */,
				61AA12FC1A105F330041AB7E /* remote_back_unselected.png */,
				61AA12FD1A105F330041AB7E /* remote_down_selected.png */,
				61AA12FE1A105F330041AB7E /* remote_down_unselected.png */,
				61AA12FF1A105F330041AB7E /* remote_home_selected.png */,
				61AA13001A105F330041AB7E /* remote_home_unselected.png */,
				61AA13011A105F330041AB7E /* remote_left_selected.png */,
				61AA13021A105F330041AB7E /* remote_left_unselected.png */,
				61AA13031A105F330041AB7E /* remote_menu_selected.png */,
				61AA13041A105F330041AB7E /* remote_menu_unselected.png */,
				61AA13051A105F330041AB7E /* remote_mute_selected.png */,
				61AA13061A105F330041AB7E /* remote_mute_unselected.png */,
				61AA13071A105F330041AB7E /* remote_ok_selected.png */,
				61AA13081A105F330041AB7E /* remote_ok_unselected.png */,
				61AA13091A105F330041AB7E /* remote_right_selected.png */,
				61AA130A1A105F330041AB7E /* remote_right_unselected.png */,
				61AA130B1A105F330041AB7E /* remote_up_selected.png */,
				61AA130C1A105F330041AB7E /* remote_up_unselected.png */,
				61AA130D1A105F330041AB7E /* remote_volume_down_selected.png */,
				61AA130E1A105F330041AB7E /* remote_volume_down_unselected.png */,
				61AA130F1A105F330041AB7E /* remote_volume_up_selected.png */,
				61AA13101A105F330041AB7E /* remote_volume_up_unselected.png */,
				61AA13111A105F330041AB7E /* search_bg.jpg */,
				61AA13121A105F330041AB7E /* setting_list_arrow.png */,
				61AA13131A105F330041AB7E /* setting_list_divider.png */,
				61AA13141A105F330041AB7E /* voice_search_download.png */,
				61AA13151A105F330041AB7E /* voice_search_download_press.png */,
				61AA13161A105F330041AB7E /* voice_search_microphone.png */,
				61AA13171A105F330041AB7E /* voice_search_no_microphone.png */,
				61AA13181A105F330041AB7E /* voice_search_top_bar.png */,
			);
			path = drawable;
			sourceTree = "<group>";
		};
		67414BCA1A6398D400B4DEE0 /* SBJson */ = {
			isa = PBXGroup;
			children = (
				67414BCB1A6398D400B4DEE0 /* NSObject+SBJson.h */,
				67414BCC1A6398D400B4DEE0 /* NSObject+SBJson.m */,
				67414BCD1A6398D400B4DEE0 /* SBJson.h */,
				67414BCE1A6398D400B4DEE0 /* SBJsonParser.h */,
				67414BCF1A6398D400B4DEE0 /* SBJsonParser.m */,
				67414BD01A6398D400B4DEE0 /* SBJsonStreamParser.h */,
				67414BD11A6398D400B4DEE0 /* SBJsonStreamParser.m */,
				67414BD21A6398D400B4DEE0 /* SBJsonStreamParserAccumulator.h */,
				67414BD31A6398D400B4DEE0 /* SBJsonStreamParserAccumulator.m */,
				67414BD41A6398D400B4DEE0 /* SBJsonStreamParserAdapter.h */,
				67414BD51A6398D400B4DEE0 /* SBJsonStreamParserAdapter.m */,
				67414BD61A6398D400B4DEE0 /* SBJsonStreamParserState.h */,
				67414BD71A6398D400B4DEE0 /* SBJsonStreamParserState.m */,
				67414BD81A6398D400B4DEE0 /* SBJsonStreamWriter.h */,
				67414BD91A6398D400B4DEE0 /* SBJsonStreamWriter.m */,
				67414BDA1A6398D400B4DEE0 /* SBJsonStreamWriterAccumulator.h */,
				67414BDB1A6398D400B4DEE0 /* SBJsonStreamWriterAccumulator.m */,
				67414BDC1A6398D400B4DEE0 /* SBJsonStreamWriterState.h */,
				67414BDD1A6398D400B4DEE0 /* SBJsonStreamWriterState.m */,
				67414BDE1A6398D400B4DEE0 /* SBJsonTokeniser.h */,
				67414BDF1A6398D400B4DEE0 /* SBJsonTokeniser.m */,
				67414BE01A6398D400B4DEE0 /* SBJsonUTF8Stream.h */,
				67414BE11A6398D400B4DEE0 /* SBJsonUTF8Stream.m */,
				67414BE21A6398D400B4DEE0 /* SBJsonWriter.h */,
				67414BE31A6398D400B4DEE0 /* SBJsonWriter.m */,
			);
			path = SBJson;
			sourceTree = SOURCE_ROOT;
		};
		67DC59C41A14565200F270AC /* iPad */ = {
			isa = PBXGroup;
			children = (
			);
			name = iPad;
			sourceTree = "<group>";
		};
/* End PBXGroup section */

/* Begin PBXNativeTarget section */
		61AA12AC1A105ABA0041AB7E /* RemoteIME */ = {
			isa = PBXNativeTarget;
			buildConfigurationList = 61AA12DF1A105ABC0041AB7E /* Build configuration list for PBXNativeTarget "RemoteIME" */;
			buildPhases = (
				61AA12A91A105ABA0041AB7E /* Sources */,
				61AA12AA1A105ABA0041AB7E /* Frameworks */,
				61AA12AB1A105ABA0041AB7E /* Resources */,
			);
			buildRules = (
			);
			dependencies = (
			);
			name = RemoteIME;
			productName = RemoteIME;
			productReference = 61AA12AD1A105ABA0041AB7E /* RemoteIME.app */;
			productType = "com.apple.product-type.application";
		};
		61AA12CD1A105ABC0041AB7E /* RemoteIMETests */ = {
			isa = PBXNativeTarget;
			buildConfigurationList = 61AA12E21A105ABC0041AB7E /* Build configuration list for PBXNativeTarget "RemoteIMETests" */;
			buildPhases = (
				61AA12CA1A105ABC0041AB7E /* Sources */,
				61AA12CB1A105ABC0041AB7E /* Frameworks */,
				61AA12CC1A105ABC0041AB7E /* Resources */,
			);
			buildRules = (
			);
			dependencies = (
				61AA12D41A105ABC0041AB7E /* PBXTargetDependency */,
			);
			name = RemoteIMETests;
			productName = RemoteIMETests;
			productReference = 61AA12CE1A105ABC0041AB7E /* RemoteIMETests.xctest */;
			productType = "com.apple.product-type.bundle.unit-test";
		};
/* End PBXNativeTarget section */

/* Begin PBXProject section */
		61AA12A51A105ABA0041AB7E /* Project object */ = {
			isa = PBXProject;
			attributes = {
				CLASSPREFIX = gntv;
				LastUpgradeCheck = 0500;
				ORGANIZATIONNAME = none;
				TargetAttributes = {
					61AA12AC1A105ABA0041AB7E = {
						DevelopmentTeam = 649XG642E4;
					};
					61AA12CD1A105ABC0041AB7E = {
						TestTargetID = 61AA12AC1A105ABA0041AB7E;
					};
				};
			};
			buildConfigurationList = 61AA12A81A105ABA0041AB7E /* Build configuration list for PBXProject "RemoteIME" */;
			compatibilityVersion = "Xcode 3.2";
			developmentRegion = English;
			hasScannedForEncodings = 0;
			knownRegions = (
				en,
				Base,
			);
			mainGroup = 61AA12A41A105ABA0041AB7E;
			productRefGroup = 61AA12AE1A105ABA0041AB7E /* Products */;
			projectDirPath = "";
			projectRoot = "";
			targets = (
				61AA12AC1A105ABA0041AB7E /* RemoteIME */,
				61AA12CD1A105ABC0041AB7E /* RemoteIMETests */,
			);
		};
/* End PBXProject section */

/* Begin PBXResourcesBuildPhase section */
		61AA12AB1A105ABA0041AB7E /* Resources */ = {
			isa = PBXResourcesBuildPhase;
			buildActionMask = 2147483647;
			files = (
				61AA13491A105F340041AB7E /* voice_search_microphone.png in Resources */,
				67E20BF01A43F73100F3C35D /* volume_add.png in Resources */,
				61AA133A1A105F340041AB7E /* remote_ok_selected.png in Resources */,
				61AA13331A105F340041AB7E /* remote_home_unselected.png in Resources */,
				61AA13461A105F340041AB7E /* setting_list_divider.png in Resources */,
				61AA13431A105F340041AB7E /* remote_volume_up_unselected.png in Resources */,
				61AA131F1A105F340041AB7E /* icon_devices_select.png in Resources */,
				61AA13281A105F340041AB7E /* kanke_control_bg.jpg in Resources */,
				67E20BE81A43F73100F3C35D /* key_2.png in Resources */,
				61AA13381A105F340041AB7E /* remote_mute_selected.png in Resources */,
				61AA12C91A105ABB0041AB7E /* Images.xcassets in Resources */,
				67E20BEA1A43F73100F3C35D /* key_4.png in Resources */,
				672E1C261A6D228D00DAF709 /* guide_03.png in Resources */,
				61AA131C1A105F330041AB7E /* home_btn_bg.png in Resources */,
				61AA13411A105F340041AB7E /* remote_volume_down_unselected.png in Resources */,
				61AA13201A105F340041AB7E /* icon_help.png in Resources */,
				61AA133F1A105F340041AB7E /* remote_up_unselected.png in Resources */,
				61AA131A1A105F330041AB7E /* device_list.png in Resources */,
				61AA13271A105F340041AB7E /* icon_voice_select.png in Resources */,
				61AA13311A105F340041AB7E /* remote_down_unselected.png in Resources */,
				61AA13391A105F340041AB7E /* remote_mute_unselected.png in Resources */,
				61AA13241A105F340041AB7E /* icon_voice.png in Resources */,
				672E1C241A6D228D00DAF709 /* guide_01.png in Resources */,
				61AA13291A105F340041AB7E /* local_player1.png in Resources */,
				61AA12BB1A105ABB0041AB7E /* InfoPlist.strings in Resources */,
				61AA134B1A105F340041AB7E /* voice_search_top_bar.png in Resources */,
				61AA132B1A105F340041AB7E /* maintab_toolbar_bg.png in Resources */,
				61AA133C1A105F340041AB7E /* remote_right_selected.png in Resources */,
				61AA13471A105F340041AB7E /* voice_search_download.png in Resources */,
				672E1C291A6D228D00DAF709 /* voice_search_microphone_2.png in Resources */,
				671F63341A49573B00536586 /* Main.storyboard in Resources */,
				61AA13441A105F340041AB7E /* search_bg.jpg in Resources */,
				61AA13351A105F340041AB7E /* remote_left_unselected.png in Resources */,
				67E20BEF1A43F73100F3C35D /* key_9.png in Resources */,
				61AA13481A105F340041AB7E /* voice_search_download_press.png in Resources */,
				67E20BE91A43F73100F3C35D /* key_3.png in Resources */,
				672E1C2C1A6D24CE00DAF709 /* unsolidline.png in Resources */,
				67E20BEE1A43F73100F3C35D /* key_8.png in Resources */,
				67414BF71A63B6C200B4DEE0 /* about_icon.png in Resources */,
				61AA132D1A105F340041AB7E /* net_video_bg.jpg in Resources */,
				67E20BE61A43F73100F3C35D /* key_0.png in Resources */,
				61AA13371A105F340041AB7E /* remote_menu_unselected.png in Resources */,
				61AA132A1A105F340041AB7E /* local_player2.png in Resources */,
				61AA131B1A105F330041AB7E /* find_device.png in Resources */,
				67414BF81A63B6C200B4DEE0 /* about_icon180.png in Resources */,
				61AA13231A105F340041AB7E /* icon_remote_select.png in Resources */,
				61AA13451A105F340041AB7E /* setting_list_arrow.png in Resources */,
				61AA133B1A105F340041AB7E /* remote_ok_unselected.png in Resources */,
				67E20BF11A43F73100F3C35D /* volume_sub.png in Resources */,
				61AA13261A105F340041AB7E /* icon_voice_search_select.png in Resources */,
				61AA133D1A105F340041AB7E /* remote_right_unselected.png in Resources */,
				67E20BED1A43F73100F3C35D /* key_7.png in Resources */,
				61AA13421A105F340041AB7E /* remote_volume_up_selected.png in Resources */,
				672E1C251A6D228D00DAF709 /* guide_02.png in Resources */,
				61AA131E1A105F340041AB7E /* icon_devices.png in Resources */,
				61AA13251A105F340041AB7E /* icon_voice_search.png in Resources */,
				67E20BEC1A43F73100F3C35D /* key_6.png in Resources */,
				61AA132C1A105F340041AB7E /* moviepic_bg.gif in Resources */,
				61AA132F1A105F340041AB7E /* remote_back_unselected.png in Resources */,
				61AA13401A105F340041AB7E /* remote_volume_down_selected.png in Resources */,
				672E1C281A6D228D00DAF709 /* voice_search_microphone_1.png in Resources */,
				61AA13301A105F340041AB7E /* remote_down_selected.png in Resources */,
				672E1C271A6D228D00DAF709 /* voice_search_microphone_0.png in Resources */,
				67E20BE71A43F73100F3C35D /* key_1.png in Resources */,
				67E20BEB1A43F73100F3C35D /* key_5.png in Resources */,
				61AA132E1A105F340041AB7E /* remote_back_selected.png in Resources */,
				61AA133E1A105F340041AB7E /* remote_up_selected.png in Resources */,
				61AA13191A105F330041AB7E /* device_finding.png in Resources */,
				61AA13361A105F340041AB7E /* remote_menu_selected.png in Resources */,
				61AA131D1A105F340041AB7E /* ic_launcher.png in Resources */,
				67414BF91A63B6C200B4DEE0 /* about_icon120.png in Resources */,
				61AA134A1A105F340041AB7E /* voice_search_no_microphone.png in Resources */,
				61AA13321A105F340041AB7E /* remote_home_selected.png in Resources */,
				61AA13221A105F340041AB7E /* icon_remote.png in Resources */,
				672E1C2A1A6D228D00DAF709 /* voice_search_microphone_3.png in Resources */,
				61AA13341A105F340041AB7E /* remote_left_selected.png in Resources */,
				61AA13211A105F340041AB7E /* icon_help_select.png in Resources */,
			);
			runOnlyForDeploymentPostprocessing = 0;
		};
		61AA12CC1A105ABC0041AB7E /* Resources */ = {
			isa = PBXResourcesBuildPhase;
			buildActionMask = 2147483647;
			files = (
				61AA12DA1A105ABC0041AB7E /* InfoPlist.strings in Resources */,
			);
			runOnlyForDeploymentPostprocessing = 0;
		};
/* End PBXResourcesBuildPhase section */

/* Begin PBXSourcesBuildPhase section */
		61AA12A91A105ABA0041AB7E /* Sources */ = {
			isa = PBXSourcesBuildPhase;
			buildActionMask = 2147483647;
			files = (
				67414BEC1A6398D400B4DEE0 /* SBJsonStreamWriterState.m in Sources */,
				67414BEA1A6398D400B4DEE0 /* SBJsonStreamWriter.m in Sources */,
				61AA12BD1A105ABB0041AB7E /* main.m in Sources */,
				61AA13511A1084890041AB7E /* AsyncUdpSocket.m in Sources */,
				67414BE71A6398D400B4DEE0 /* SBJsonStreamParserAccumulator.m in Sources */,
				61F1A3641A11E62F00E52530 /* IMEViewController.m in Sources */,
				61FF76221A13422D0033845A /* gntvTabBarController.m in Sources */,
				67414BEB1A6398D400B4DEE0 /* SBJsonStreamWriterAccumulator.m in Sources */,
				61F1A3671A1210A300E52530 /* IMETabBarController.m in Sources */,
				67414BED1A6398D400B4DEE0 /* SBJsonTokeniser.m in Sources */,
				67414BE41A6398D400B4DEE0 /* NSObject+SBJson.m in Sources */,
				67414BE81A6398D400B4DEE0 /* SBJsonStreamParserAdapter.m in Sources */,
				67800FA81A5FD36D0063989E /* gntvViewController.m in Sources */,
				67414BEF1A6398D400B4DEE0 /* SBJsonWriter.m in Sources */,
				67414BEE1A6398D400B4DEE0 /* SBJsonUTF8Stream.m in Sources */,
				67414BE51A6398D400B4DEE0 /* SBJsonParser.m in Sources */,
				61AA12C11A105ABB0041AB7E /* gntvAppDelegate.m in Sources */,
				67414BE61A6398D400B4DEE0 /* SBJsonStreamParser.m in Sources */,
				672F5C731A5C163B00F64E92 /* SplashViewController.m in Sources */,
				676418291A5EC34400AB91A3 /* settingViewController.m in Sources */,
				67F89EFA1A1F0EEF006D370A /* VOICEVIEWController.m in Sources */,
				67414BE91A6398D400B4DEE0 /* SBJsonStreamParserState.m in Sources */,
				61AA13581A10B54F0041AB7E /* Reachability.m in Sources */,
				61AA134E1A10841B0041AB7E /* AsyncSocket.m in Sources */,
			);
			runOnlyForDeploymentPostprocessing = 0;
		};
		61AA12CA1A105ABC0041AB7E /* Sources */ = {
			isa = PBXSourcesBuildPhase;
			buildActionMask = 2147483647;
			files = (
				61AA12DC1A105ABC0041AB7E /* RemoteIMETests.m in Sources */,
			);
			runOnlyForDeploymentPostprocessing = 0;
		};
/* End PBXSourcesBuildPhase section */

/* Begin PBXTargetDependency section */
		61AA12D41A105ABC0041AB7E /* PBXTargetDependency */ = {
			isa = PBXTargetDependency;
			target = 61AA12AC1A105ABA0041AB7E /* RemoteIME */;
			targetProxy = 61AA12D31A105ABC0041AB7E /* PBXContainerItemProxy */;
		};
/* End PBXTargetDependency section */

/* Begin PBXVariantGroup section */
		61AA12B91A105ABB0041AB7E /* InfoPlist.strings */ = {
			isa = PBXVariantGroup;
			children = (
				61AA12BA1A105ABB0041AB7E /* en */,
			);
			name = InfoPlist.strings;
			sourceTree = "<group>";
		};
		61AA12D81A105ABC0041AB7E /* InfoPlist.strings */ = {
			isa = PBXVariantGroup;
			children = (
				61AA12D91A105ABC0041AB7E /* en */,
			);
			name = InfoPlist.strings;
			sourceTree = "<group>";
		};
		671F63321A49573B00536586 /* Main.storyboard */ = {
			isa = PBXVariantGroup;
			children = (
				671F63331A49573B00536586 /* Base */,
			);
			name = Main.storyboard;
			sourceTree = "<group>";
		};
/* End PBXVariantGroup section */

/* Begin XCBuildConfiguration section */
		61AA12DD1A105ABC0041AB7E /* Debug */ = {
			isa = XCBuildConfiguration;
			buildSettings = {
				ALWAYS_SEARCH_USER_PATHS = NO;
				ARCHS = "$(ARCHS_STANDARD_INCLUDING_64_BIT)";
				CLANG_CXX_LANGUAGE_STANDARD = "gnu++0x";
				CLANG_CXX_LIBRARY = "libc++";
				CLANG_ENABLE_MODULES = YES;
				CLANG_ENABLE_OBJC_ARC = YES;
				CLANG_WARN_BOOL_CONVERSION = YES;
				CLANG_WARN_CONSTANT_CONVERSION = YES;
				CLANG_WARN_DIRECT_OBJC_ISA_USAGE = YES_ERROR;
				CLANG_WARN_EMPTY_BODY = YES;
				CLANG_WARN_ENUM_CONVERSION = YES;
				CLANG_WARN_INT_CONVERSION = YES;
				CLANG_WARN_OBJC_ROOT_CLASS = YES_ERROR;
				CLANG_WARN__DUPLICATE_METHOD_MATCH = YES;
				"CODE_SIGN_IDENTITY[sdk=iphoneos*]" = "iPhone Developer";
				COPY_PHASE_STRIP = NO;
				GCC_C_LANGUAGE_STANDARD = gnu99;
				GCC_DYNAMIC_NO_PIC = NO;
				GCC_OPTIMIZATION_LEVEL = 0;
				GCC_PREPROCESSOR_DEFINITIONS = (
					"DEBUG=1",
					"$(inherited)",
				);
				GCC_SYMBOLS_PRIVATE_EXTERN = NO;
				GCC_WARN_64_TO_32_BIT_CONVERSION = YES;
				GCC_WARN_ABOUT_RETURN_TYPE = YES_ERROR;
				GCC_WARN_UNDECLARED_SELECTOR = YES;
				GCC_WARN_UNINITIALIZED_AUTOS = YES;
				GCC_WARN_UNUSED_FUNCTION = YES;
				GCC_WARN_UNUSED_VARIABLE = YES;
				IPHONEOS_DEPLOYMENT_TARGET = 5.0;
				ONLY_ACTIVE_ARCH = YES;
				SDKROOT = iphoneos;
			};
			name = Debug;
		};
		61AA12DE1A105ABC0041AB7E /* Release */ = {
			isa = XCBuildConfiguration;
			buildSettings = {
				ALWAYS_SEARCH_USER_PATHS = NO;
				ARCHS = "$(ARCHS_STANDARD_INCLUDING_64_BIT)";
				CLANG_CXX_LANGUAGE_STANDARD = "gnu++0x";
				CLANG_CXX_LIBRARY = "libc++";
				CLANG_ENABLE_MODULES = YES;
				CLANG_ENABLE_OBJC_ARC = YES;
				CLANG_WARN_BOOL_CONVERSION = YES;
				CLANG_WARN_CONSTANT_CONVERSION = YES;
				CLANG_WARN_DIRECT_OBJC_ISA_USAGE = YES_ERROR;
				CLANG_WARN_EMPTY_BODY = YES;
				CLANG_WARN_ENUM_CONVERSION = YES;
				CLANG_WARN_INT_CONVERSION = YES;
				CLANG_WARN_OBJC_ROOT_CLASS = YES_ERROR;
				CLANG_WARN__DUPLICATE_METHOD_MATCH = YES;
				"CODE_SIGN_IDENTITY[sdk=iphoneos*]" = "iPhone Developer";
				COPY_PHASE_STRIP = YES;
				ENABLE_NS_ASSERTIONS = NO;
				GCC_C_LANGUAGE_STANDARD = gnu99;
				GCC_WARN_64_TO_32_BIT_CONVERSION = YES;
				GCC_WARN_ABOUT_RETURN_TYPE = YES_ERROR;
				GCC_WARN_UNDECLARED_SELECTOR = YES;
				GCC_WARN_UNINITIALIZED_AUTOS = YES;
				GCC_WARN_UNUSED_FUNCTION = YES;
				GCC_WARN_UNUSED_VARIABLE = YES;
				IPHONEOS_DEPLOYMENT_TARGET = 5.0;
				SDKROOT = iphoneos;
				VALIDATE_PRODUCT = YES;
			};
			name = Release;
		};
		61AA12E01A105ABC0041AB7E /* Debug */ = {
			isa = XCBuildConfiguration;
			buildSettings = {
				ASSETCATALOG_COMPILER_APPICON_NAME = AppIcon;
				ASSETCATALOG_COMPILER_LAUNCHIMAGE_NAME = LaunchImage;
				CODE_SIGN_IDENTITY = "iPhone Developer";
				"CODE_SIGN_IDENTITY[sdk=iphoneos*]" = "iPhone Developer";
				FRAMEWORK_SEARCH_PATHS = (
					"$(SRCROOT)",
					"$(inherited)",
				);
				GCC_PRECOMPILE_PREFIX_HEADER = YES;
				GCC_PREFIX_HEADER = "RemoteIME/RemoteIME-Prefix.pch";
				INFOPLIST_FILE = "RemoteIME/RemoteIME-Info.plist";
				IPHONEOS_DEPLOYMENT_TARGET = 6.0;
				PRODUCT_NAME = "$(TARGET_NAME)";
				PROVISIONING_PROFILE = "";
				TARGETED_DEVICE_FAMILY = "1,2";
				WRAPPER_EXTENSION = app;
			};
			name = Debug;
		};
		61AA12E11A105ABC0041AB7E /* Release */ = {
			isa = XCBuildConfiguration;
			buildSettings = {
				ASSETCATALOG_COMPILER_APPICON_NAME = AppIcon;
				ASSETCATALOG_COMPILER_LAUNCHIMAGE_NAME = LaunchImage;
				CODE_SIGN_IDENTITY = "iPhone Developer";
				"CODE_SIGN_IDENTITY[sdk=iphoneos*]" = "iPhone Developer";
				FRAMEWORK_SEARCH_PATHS = (
					"$(SRCROOT)",
					"$(inherited)",
				);
				GCC_PRECOMPILE_PREFIX_HEADER = YES;
				GCC_PREFIX_HEADER = "RemoteIME/RemoteIME-Prefix.pch";
				INFOPLIST_FILE = "RemoteIME/RemoteIME-Info.plist";
				IPHONEOS_DEPLOYMENT_TARGET = 6.0;
				PRODUCT_NAME = "$(TARGET_NAME)";
				PROVISIONING_PROFILE = "";
				TARGETED_DEVICE_FAMILY = "1,2";
				WRAPPER_EXTENSION = app;
			};
			name = Release;
		};
		61AA12E31A105ABC0041AB7E /* Debug */ = {
			isa = XCBuildConfiguration;
			buildSettings = {
				ARCHS = "$(ARCHS_STANDARD_INCLUDING_64_BIT)";
				BUNDLE_LOADER = "$(BUILT_PRODUCTS_DIR)/RemoteIME.app/RemoteIME";
				FRAMEWORK_SEARCH_PATHS = (
					"$(SDKROOT)/Developer/Library/Frameworks",
					"$(inherited)",
					"$(DEVELOPER_FRAMEWORKS_DIR)",
				);
				GCC_PRECOMPILE_PREFIX_HEADER = YES;
				GCC_PREFIX_HEADER = "RemoteIME/RemoteIME-Prefix.pch";
				GCC_PREPROCESSOR_DEFINITIONS = (
					"DEBUG=1",
					"$(inherited)",
				);
				INFOPLIST_FILE = "RemoteIMETests/RemoteIMETests-Info.plist";
				PRODUCT_NAME = "$(TARGET_NAME)";
				TEST_HOST = "$(BUNDLE_LOADER)";
				WRAPPER_EXTENSION = xctest;
			};
			name = Debug;
		};
		61AA12E41A105ABC0041AB7E /* Release */ = {
			isa = XCBuildConfiguration;
			buildSettings = {
				ARCHS = "$(ARCHS_STANDARD_INCLUDING_64_BIT)";
				BUNDLE_LOADER = "$(BUILT_PRODUCTS_DIR)/RemoteIME.app/RemoteIME";
				FRAMEWORK_SEARCH_PATHS = (
					"$(SDKROOT)/Developer/Library/Frameworks",
					"$(inherited)",
					"$(DEVELOPER_FRAMEWORKS_DIR)",
				);
				GCC_PRECOMPILE_PREFIX_HEADER = YES;
				GCC_PREFIX_HEADER = "RemoteIME/RemoteIME-Prefix.pch";
				INFOPLIST_FILE = "RemoteIMETests/RemoteIMETests-Info.plist";
				PRODUCT_NAME = "$(TARGET_NAME)";
				TEST_HOST = "$(BUNDLE_LOADER)";
				WRAPPER_EXTENSION = xctest;
			};
			name = Release;
		};
/* End XCBuildConfiguration section */

/* Begin XCConfigurationList section */
		61AA12A81A105ABA0041AB7E /* Build configuration list for PBXProject "RemoteIME" */ = {
			isa = XCConfigurationList;
			buildConfigurations = (
				61AA12DD1A105ABC0041AB7E /* Debug */,
				61AA12DE1A105ABC0041AB7E /* Release */,
			);
			defaultConfigurationIsVisible = 0;
			defaultConfigurationName = Release;
		};
		61AA12DF1A105ABC0041AB7E /* Build configuration list for PBXNativeTarget "RemoteIME" */ = {
			isa = XCConfigurationList;
			buildConfigurations = (
				61AA12E01A105ABC0041AB7E /* Debug */,
				61AA12E11A105ABC0041AB7E /* Release */,
			);
			defaultConfigurationIsVisible = 0;
			defaultConfigurationName = Release;
		};
		61AA12E21A105ABC0041AB7E /* Build configuration list for PBXNativeTarget "RemoteIMETests" */ = {
			isa = XCConfigurationList;
			buildConfigurations = (
				61AA12E31A105ABC0041AB7E /* Debug */,
				61AA12E41A105ABC0041AB7E /* Release */,
			);
			defaultConfigurationIsVisible = 0;
			defaultConfigurationName = Release;
		};
/* End XCConfigurationList section */
	};
	rootObject = 61AA12A51A105ABA0041AB7E /* Project object */;
}
